// !$*UTF8*$!
{
	archiveVersion = 1;
	classes = {
	};
	objectVersion = 56;
	objects = {

/* Begin PBXBuildFile section */
		C581B15B2AE9CD8C00D3CAFA /* CarangasApp.swift in Sources */ = {isa = PBXBuildFile; fileRef = C581B15A2AE9CD8C00D3CAFA /* CarangasApp.swift */; };
		C581B15D2AE9CD8C00D3CAFA /* ContentView.swift in Sources */ = {isa = PBXBuildFile; fileRef = C581B15C2AE9CD8C00D3CAFA /* ContentView.swift */; };
		C581B15F2AE9CD8C00D3CAFA /* Assets.xcassets in Resources */ = {isa = PBXBuildFile; fileRef = C581B15E2AE9CD8C00D3CAFA /* Assets.xcassets */; };
		C581B1622AE9CD8C00D3CAFA /* Preview Assets.xcassets in Resources */ = {isa = PBXBuildFile; fileRef = C581B1612AE9CD8C00D3CAFA /* Preview Assets.xcassets */; };
		C581B1692AE9CE7400D3CAFA /* CarListingView.swift in Sources */ = {isa = PBXBuildFile; fileRef = C581B1682AE9CE7400D3CAFA /* CarListingView.swift */; };
		C581B16B2AE9CEA600D3CAFA /* CarDetailView.swift in Sources */ = {isa = PBXBuildFile; fileRef = C581B16A2AE9CEA600D3CAFA /* CarDetailView.swift */; };
		C581B16D2AE9CEBB00D3CAFA /* CarFormView.swift in Sources */ = {isa = PBXBuildFile; fileRef = C581B16C2AE9CEBB00D3CAFA /* CarFormView.swift */; };
		C581B16F2AE9CF3A00D3CAFA /* NavigationType.swift in Sources */ = {isa = PBXBuildFile; fileRef = C581B16E2AE9CF3A00D3CAFA /* NavigationType.swift */; };
		C581B1712AE9CFF500D3CAFA /* Car.swift in Sources */ = {isa = PBXBuildFile; fileRef = C581B1702AE9CFF500D3CAFA /* Car.swift */; };
		C581B1732AE9E52600D3CAFA /* CarService.swift in Sources */ = {isa = PBXBuildFile; fileRef = C581B1722AE9E52600D3CAFA /* CarService.swift */; };
/* End PBXBuildFile section */

/* Begin PBXFileReference section */
		C581B1572AE9CD8C00D3CAFA /* Carangas.app */ = {isa = PBXFileReference; explicitFileType = wrapper.application; includeInIndex = 0; path = Carangas.app; sourceTree = BUILT_PRODUCTS_DIR; };
		C581B15A2AE9CD8C00D3CAFA /* CarangasApp.swift */ = {isa = PBXFileReference; lastKnownFileType = sourcecode.swift; path = CarangasApp.swift; sourceTree = "<group>"; };
		C581B15C2AE9CD8C00D3CAFA /* ContentView.swift */ = {isa = PBXFileReference; lastKnownFileType = sourcecode.swift; path = ContentView.swift; sourceTree = "<group>"; };
		C581B15E2AE9CD8C00D3CAFA /* Assets.xcassets */ = {isa = PBXFileReference; lastKnownFileType = folder.assetcatalog; path = Assets.xcassets; sourceTree = "<group>"; };
		C581B1612AE9CD8C00D3CAFA /* Preview Assets.xcassets */ = {isa = PBXFileReference; lastKnownFileType = folder.assetcatalog; path = "Preview Assets.xcassets"; sourceTree = "<group>"; };
		C581B1682AE9CE7400D3CAFA /* CarListingView.swift */ = {isa = PBXFileReference; lastKnownFileType = sourcecode.swift; path = CarListingView.swift; sourceTree = "<group>"; };
		C581B16A2AE9CEA600D3CAFA /* CarDetailView.swift */ = {isa = PBXFileReference; lastKnownFileType = sourcecode.swift; path = CarDetailView.swift; sourceTree = "<group>"; };
		C581B16C2AE9CEBB00D3CAFA /* CarFormView.swift */ = {isa = PBXFileReference; lastKnownFileType = sourcecode.swift; path = CarFormView.swift; sourceTree = "<group>"; };
		C581B16E2AE9CF3A00D3CAFA /* NavigationType.swift */ = {isa = PBXFileReference; lastKnownFileType = sourcecode.swift; path = NavigationType.swift; sourceTree = "<group>"; };
		C581B1702AE9CFF500D3CAFA /* Car.swift */ = {isa = PBXFileReference; lastKnownFileType = sourcecode.swift; path = Car.swift; sourceTree = "<group>"; };
		C581B1722AE9E52600D3CAFA /* CarService.swift */ = {isa = PBXFileReference; lastKnownFileType = sourcecode.swift; path = CarService.swift; sourceTree = "<group>"; };
/* End PBXFileReference section */

/* Begin PBXFrameworksBuildPhase section */
		C581B1542AE9CD8C00D3CAFA /* Frameworks */ = {
			isa = PBXFrameworksBuildPhase;
			buildActionMask = 2147483647;
			files = (
			);
			runOnlyForDeploymentPostprocessing = 0;
		};
/* End PBXFrameworksBuildPhase section */

/* Begin PBXGroup section */
		C581B14E2AE9CD8B00D3CAFA = {
			isa = PBXGroup;
			children = (
				C581B1592AE9CD8C00D3CAFA /* Carangas */,
				C581B1582AE9CD8C00D3CAFA /* Products */,
			);
			sourceTree = "<group>";
		};
		C581B1582AE9CD8C00D3CAFA /* Products */ = {
			isa = PBXGroup;
			children = (
				C581B1572AE9CD8C00D3CAFA /* Carangas.app */,
			);
			name = Products;
			sourceTree = "<group>";
		};
		C581B1592AE9CD8C00D3CAFA /* Carangas */ = {
			isa = PBXGroup;
			children = (
				C581B15A2AE9CD8C00D3CAFA /* CarangasApp.swift */,
				C581B15C2AE9CD8C00D3CAFA /* ContentView.swift */,
				C581B1702AE9CFF500D3CAFA /* Car.swift */,
				C581B16E2AE9CF3A00D3CAFA /* NavigationType.swift */,
				C581B16A2AE9CEA600D3CAFA /* CarDetailView.swift */,
				C581B16C2AE9CEBB00D3CAFA /* CarFormView.swift */,
				C581B1722AE9E52600D3CAFA /* CarService.swift */,
				C581B1682AE9CE7400D3CAFA /* CarListingView.swift */,
				C581B15E2AE9CD8C00D3CAFA /* Assets.xcassets */,
				C581B1602AE9CD8C00D3CAFA /* Preview Content */,
			);
			path = Carangas;
			sourceTree = "<group>";
		};
		C581B1602AE9CD8C00D3CAFA /* Preview Content */ = {
			isa = PBXGroup;
			children = (
				C581B1612AE9CD8C00D3CAFA /* Preview Assets.xcassets */,
			);
			path = "Preview Content";
			sourceTree = "<group>";
		};
/* End PBXGroup section */

/* Begin PBXNativeTarget section */
		C581B1562AE9CD8C00D3CAFA /* Carangas */ = {
			isa = PBXNativeTarget;
			buildConfigurationList = C581B1652AE9CD8C00D3CAFA /* Build configuration list for PBXNativeTarget "Carangas" */;
			buildPhases = (
				C581B1532AE9CD8C00D3CAFA /* Sources */,
				C581B1542AE9CD8C00D3CAFA /* Frameworks */,
				C581B1552AE9CD8C00D3CAFA /* Resources */,
			);
			buildRules = (
			);
			dependencies = (
			);
			name = Carangas;
			productName = Carangas;
			productReference = C581B1572AE9CD8C00D3CAFA /* Carangas.app */;
			productType = "com.apple.product-type.application";
		};
/* End PBXNativeTarget section */

/* Begin PBXProject section */
		C581B14F2AE9CD8B00D3CAFA /* Project object */ = {
			isa = PBXProject;
			attributes = {
				BuildIndependentTargetsInParallel = 1;
				LastSwiftUpdateCheck = 1500;
				LastUpgradeCheck = 1500;
				TargetAttributes = {
					C581B1562AE9CD8C00D3CAFA = {
						CreatedOnToolsVersion = 15.0;
					};
				};
			};
			buildConfigurationList = C581B1522AE9CD8C00D3CAFA /* Build configuration list for PBXProject "Carangas" */;
			compatibilityVersion = "Xcode 14.0";
			developmentRegion = en;
			hasScannedForEncodings = 0;
			knownRegions = (
				en,
				Base,
			);
			mainGroup = C581B14E2AE9CD8B00D3CAFA;
			productRefGroup = C581B1582AE9CD8C00D3CAFA /* Products */;
			projectDirPath = "";
			projectRoot = "";
			targets = (
				C581B1562AE9CD8C00D3CAFA /* Carangas */,
			);
		};
/* End PBXProject section */

/* Begin PBXResourcesBuildPhase section */
		C581B1552AE9CD8C00D3CAFA /* Resources */ = {
			isa = PBXResourcesBuildPhase;
			buildActionMask = 2147483647;
			files = (
				C581B1622AE9CD8C00D3CAFA /* Preview Assets.xcassets in Resources */,
				C581B15F2AE9CD8C00D3CAFA /* Assets.xcassets in Resources */,
			);
			runOnlyForDeploymentPostprocessing = 0;
		};
/* End PBXResourcesBuildPhase section */

/* Begin PBXSourcesBuildPhase section */
		C581B1532AE9CD8C00D3CAFA /* Sources */ = {
			isa = PBXSourcesBuildPhase;
			buildActionMask = 2147483647;
			files = (
				C581B15D2AE9CD8C00D3CAFA /* ContentView.swift in Sources */,
				C581B1692AE9CE7400D3CAFA /* CarListingView.swift in Sources */,
				C581B1732AE9E52600D3CAFA /* CarService.swift in Sources */,
				C581B16B2AE9CEA600D3CAFA /* CarDetailView.swift in Sources */,
				C581B15B2AE9CD8C00D3CAFA /* CarangasApp.swift in Sources */,
				C581B16D2AE9CEBB00D3CAFA /* CarFormView.swift in Sources */,
				C581B1712AE9CFF500D3CAFA /* Car.swift in Sources */,
				C581B16F2AE9CF3A00D3CAFA /* NavigationType.swift in Sources */,
			);
			runOnlyForDeploymentPostprocessing = 0;
		};
/* End PBXSourcesBuildPhase section */

/* Begin XCBuildConfiguration section */
		C581B1632AE9CD8C00D3CAFA /* Debug */ = {
			isa = XCBuildConfiguration;
			buildSettings = {
				ALWAYS_SEARCH_USER_PATHS = NO;
				ASSETCATALOG_COMPILER_GENERATE_SWIFT_ASSET_SYMBOL_EXTENSIONS = YES;
				CLANG_ANALYZER_NONNULL = YES;
				CLANG_ANALYZER_NUMBER_OBJECT_CONVERSION = YES_AGGRESSIVE;
				CLANG_CXX_LANGUAGE_STANDARD = "gnu++20";
				CLANG_ENABLE_MODULES = YES;
				CLANG_ENABLE_OBJC_ARC = YES;
				CLANG_ENABLE_OBJC_WEAK = YES;
				CLANG_WARN_BLOCK_CAPTURE_AUTORELEASING = YES;
				CLANG_WARN_BOOL_CONVERSION = YES;
				CLANG_WARN_COMMA = YES;
				CLANG_WARN_CONSTANT_CONVERSION = YES;
				CLANG_WARN_DEPRECATED_OBJC_IMPLEMENTATIONS = YES;
				CLANG_WARN_DIRECT_OBJC_ISA_USAGE = YES_ERROR;
				CLANG_WARN_DOCUMENTATION_COMMENTS = YES;
				CLANG_WARN_EMPTY_BODY = YES;
				CLANG_WARN_ENUM_CONVERSION = YES;
				CLANG_WARN_INFINITE_RECURSION = YES;
				CLANG_WARN_INT_CONVERSION = YES;
				CLANG_WARN_NON_LITERAL_NULL_CONVERSION = YES;
				CLANG_WARN_OBJC_IMPLICIT_RETAIN_SELF = YES;
				CLANG_WARN_OBJC_LITERAL_CONVERSION = YES;
				CLANG_WARN_OBJC_ROOT_CLASS = YES_ERROR;
				CLANG_WARN_QUOTED_INCLUDE_IN_FRAMEWORK_HEADER = YES;
				CLANG_WARN_RANGE_LOOP_ANALYSIS = YES;
				CLANG_WARN_STRICT_PROTOTYPES = YES;
				CLANG_WARN_SUSPICIOUS_MOVE = YES;
				CLANG_WARN_UNGUARDED_AVAILABILITY = YES_AGGRESSIVE;
				CLANG_WARN_UNREACHABLE_CODE = YES;
				CLANG_WARN__DUPLICATE_METHOD_MATCH = YES;
				COPY_PHASE_STRIP = NO;
				DEBUG_INFORMATION_FORMAT = dwarf;
				ENABLE_STRICT_OBJC_MSGSEND = YES;
				ENABLE_TESTABILITY = YES;
				ENABLE_USER_SCRIPT_SANDBOXING = YES;
				GCC_C_LANGUAGE_STANDARD = gnu17;
				GCC_DYNAMIC_NO_PIC = NO;
				GCC_NO_COMMON_BLOCKS = YES;
				GCC_OPTIMIZATION_LEVEL = 0;
				GCC_PREPROCESSOR_DEFINITIONS = (
					"DEBUG=1",
					"$(inherited)",
				);
				GCC_WARN_64_TO_32_BIT_CONVERSION = YES;
				GCC_WARN_ABOUT_RETURN_TYPE = YES_ERROR;
				GCC_WARN_UNDECLARED_SELECTOR = YES;
				GCC_WARN_UNINITIALIZED_AUTOS = YES_AGGRESSIVE;
				GCC_WARN_UNUSED_FUNCTION = YES;
				GCC_WARN_UNUSED_VARIABLE = YES;
				IPHONEOS_DEPLOYMENT_TARGET = 17.0;
				LOCALIZATION_PREFERS_STRING_CATALOGS = YES;
				MTL_ENABLE_DEBUG_INFO = INCLUDE_SOURCE;
				MTL_FAST_MATH = YES;
				ONLY_ACTIVE_ARCH = YES;
				SDKROOT = iphoneos;
				SWIFT_ACTIVE_COMPILATION_CONDITIONS = "DEBUG $(inherited)";
				SWIFT_OPTIMIZATION_LEVEL = "-Onone";
			};
			name = Debug;
		};
		C581B1642AE9CD8C00D3CAFA /* Release */ = {
			isa = XCBuildConfiguration;
			buildSettings = {
				ALWAYS_SEARCH_USER_PATHS = NO;
				ASSETCATALOG_COMPILER_GENERATE_SWIFT_ASSET_SYMBOL_EXTENSIONS = YES;
				CLANG_ANALYZER_NONNULL = YES;
				CLANG_ANALYZER_NUMBER_OBJECT_CONVERSION = YES_AGGRESSIVE;
				CLANG_CXX_LANGUAGE_STANDARD = "gnu++20";
				CLANG_ENABLE_MODULES = YES;
				CLANG_ENABLE_OBJC_ARC = YES;
				CLANG_ENABLE_OBJC_WEAK = YES;
				CLANG_WARN_BLOCK_CAPTURE_AUTORELEASING = YES;
				CLANG_WARN_BOOL_CONVERSION = YES;
				CLANG_WARN_COMMA = YES;
				CLANG_WARN_CONSTANT_CONVERSION = YES;
				CLANG_WARN_DEPRECATED_OBJC_IMPLEMENTATIONS = YES;
				CLANG_WARN_DIRECT_OBJC_ISA_USAGE = YES_ERROR;
				CLANG_WARN_DOCUMENTATION_COMMENTS = YES;
				CLANG_WARN_EMPTY_BODY = YES;
				CLANG_WARN_ENUM_CONVERSION = YES;
				CLANG_WARN_INFINITE_RECURSION = YES;
				CLANG_WARN_INT_CONVERSION = YES;
				CLANG_WARN_NON_LITERAL_NULL_CONVERSION = YES;
				CLANG_WARN_OBJC_IMPLICIT_RETAIN_SELF = YES;
				CLANG_WARN_OBJC_LITERAL_CONVERSION = YES;
				CLANG_WARN_OBJC_ROOT_CLASS = YES_ERROR;
				CLANG_WARN_QUOTED_INCLUDE_IN_FRAMEWORK_HEADER = YES;
				CLANG_WARN_RANGE_LOOP_ANALYSIS = YES;
				CLANG_WARN_STRICT_PROTOTYPES = YES;
				CLANG_WARN_SUSPICIOUS_MOVE = YES;
				CLANG_WARN_UNGUARDED_AVAILABILITY = YES_AGGRESSIVE;
				CLANG_WARN_UNREACHABLE_CODE = YES;
				CLANG_WARN__DUPLICATE_METHOD_MATCH = YES;
				COPY_PHASE_STRIP = NO;
				DEBUG_INFORMATION_FORMAT = "dwarf-with-dsym";
				ENABLE_NS_ASSERTIONS = NO;
				ENABLE_STRICT_OBJC_MSGSEND = YES;
				ENABLE_USER_SCRIPT_SANDBOXING = YES;
				GCC_C_LANGUAGE_STANDARD = gnu17;
				GCC_NO_COMMON_BLOCKS = YES;
				GCC_WARN_64_TO_32_BIT_CONVERSION = YES;
				GCC_WARN_ABOUT_RETURN_TYPE = YES_ERROR;
				GCC_WARN_UNDECLARED_SELECTOR = YES;
				GCC_WARN_UNINITIALIZED_AUTOS = YES_AGGRESSIVE;
				GCC_WARN_UNUSED_FUNCTION = YES;
				GCC_WARN_UNUSED_VARIABLE = YES;
				IPHONEOS_DEPLOYMENT_TARGET = 17.0;
				LOCALIZATION_PREFERS_STRING_CATALOGS = YES;
				MTL_ENABLE_DEBUG_INFO = NO;
				MTL_FAST_MATH = YES;
				SDKROOT = iphoneos;
				SWIFT_COMPILATION_MODE = wholemodule;
				VALIDATE_PRODUCT = YES;
			};
			name = Release;
		};
		C581B1662AE9CD8C00D3CAFA /* Debug */ = {
			isa = XCBuildConfiguration;
			buildSettings = {
				ASSETCATALOG_COMPILER_APPICON_NAME = AppIcon;
				ASSETCATALOG_COMPILER_GLOBAL_ACCENT_COLOR_NAME = AccentColor;
				CODE_SIGN_STYLE = Automatic;
				CURRENT_PROJECT_VERSION = 1;
				DEVELOPMENT_ASSET_PATHS = "\"Carangas/Preview Content\"";
				DEVELOPMENT_TEAM = DWNX563SG6;
				ENABLE_PREVIEWS = YES;
				GENERATE_INFOPLIST_FILE = YES;
				INFOPLIST_KEY_UIApplicationSceneManifest_Generation = YES;
				INFOPLIST_KEY_UIApplicationSupportsIndirectInputEvents = YES;
				INFOPLIST_KEY_UILaunchScreen_Generation = YES;
				INFOPLIST_KEY_UISupportedInterfaceOrientations_iPad = "UIInterfaceOrientationPortrait UIInterfaceOrientationPortraitUpsideDown UIInterfaceOrientationLandscapeLeft UIInterfaceOrientationLandscapeRight";
				INFOPLIST_KEY_UISupportedInterfaceOrientations_iPhone = "UIInterfaceOrientationPortrait UIInterfaceOrientationLandscapeLeft UIInterfaceOrientationLandscapeRight";
				LD_RUNPATH_SEARCH_PATHS = (
					"$(inherited)",
					"@executable_path/Frameworks",
				);
				MARKETING_VERSION = 1.0;
				PRODUCT_BUNDLE_IDENTIFIER = com.yurastico.Carangas;
				PRODUCT_NAME = "$(TARGET_NAME)";
				SWIFT_EMIT_LOC_STRINGS = YES;
				SWIFT_VERSION = 5.0;
				TARGETED_DEVICE_FAMILY = "1,2";
			};
			name = Debug;
		};
		C581B1672AE9CD8C00D3CAFA /* Release */ = {
			isa = XCBuildConfiguration;
			buildSettings = {
				ASSETCATALOG_COMPILER_APPICON_NAME = AppIcon;
				ASSETCATALOG_COMPILER_GLOBAL_ACCENT_COLOR_NAME = AccentColor;
				CODE_SIGN_STYLE = Automatic;
				CURRENT_PROJECT_VERSION = 1;
				DEVELOPMENT_ASSET_PATHS = "\"Carangas/Preview Content\"";
				DEVELOPMENT_TEAM = DWNX563SG6;
				ENABLE_PREVIEWS = YES;
				GENERATE_INFOPLIST_FILE = YES;
				INFOPLIST_KEY_UIApplicationSceneManifest_Generation = YES;
				INFOPLIST_KEY_UIApplicationSupportsIndirectInputEvents = YES;
				INFOPLIST_KEY_UILaunchScreen_Generation = YES;
				INFOPLIST_KEY_UISupportedInterfaceOrientations_iPad = "UIInterfaceOrientationPortrait UIInterfaceOrientationPortraitUpsideDown UIInterfaceOrientationLandscapeLeft UIInterfaceOrientationLandscapeRight";
				INFOPLIST_KEY_UISupportedInterfaceOrientations_iPhone = "UIInterfaceOrientationPortrait UIInterfaceOrientationLandscapeLeft UIInterfaceOrientationLandscapeRight";
				LD_RUNPATH_SEARCH_PATHS = (
					"$(inherited)",
					"@executable_path/Frameworks",
				);
				MARKETING_VERSION = 1.0;
				PRODUCT_BUNDLE_IDENTIFIER = com.yurastico.Carangas;
				PRODUCT_NAME = "$(TARGET_NAME)";
				SWIFT_EMIT_LOC_STRINGS = YES;
				SWIFT_VERSION = 5.0;
				TARGETED_DEVICE_FAMILY = "1,2";
			};
			name = Release;
		};
/* End XCBuildConfiguration section */

/* Begin XCConfigurationList section */
		C581B1522AE9CD8C00D3CAFA /* Build configuration list for PBXProject "Carangas" */ = {
			isa = XCConfigurationList;
			buildConfigurations = (
				C581B1632AE9CD8C00D3CAFA /* Debug */,
				C581B1642AE9CD8C00D3CAFA /* Release */,
			);
			defaultConfigurationIsVisible = 0;
			defaultConfigurationName = Release;
		};
		C581B1652AE9CD8C00D3CAFA /* Build configuration list for PBXNativeTarget "Carangas" */ = {
			isa = XCConfigurationList;
			buildConfigurations = (
				C581B1662AE9CD8C00D3CAFA /* Debug */,
				C581B1672AE9CD8C00D3CAFA /* Release */,
			);
			defaultConfigurationIsVisible = 0;
			defaultConfigurationName = Release;
		};
/* End XCConfigurationList section */
	};
	rootObject = C581B14F2AE9CD8B00D3CAFA /* Project object */;
}
